
Microsoft Visual Studio Solution File, Format Version 12.00
# Visual Studio Version 17
VisualStudioVersion = 17.14.36401.2
MinimumVisualStudioVersion = 10.0.40219.1
Project("{FAE04EC0-301F-11D3-BF4B-00C04F79EFBC}") = "SurveyCat.Frontend", "SurveyCat.Frontend\SurveyCat.Frontend.csproj", "{95E5674B-EB4A-8D2B-D3F8-66AD8F8A1585}"
EndProject
Project("{FAE04EC0-301F-11D3-BF4B-00C04F79EFBC}") = "SurveyCat.Backend", "SurveyCat.Backend\SurveyCat.Backend.csproj", "{079130B8-92E4-4AC0-9B9F-567B73586D37}"
EndProject
Project("{FAE04EC0-301F-11D3-BF4B-00C04F79EFBC}") = "SurveyCat.Shared", "SurveyCat.Shared\SurveyCat.Shared.csproj", "{CDE4E8E3-C23B-4E98-96E8-CCAA4BEC30D9}"
EndProject
Global
	GlobalSection(SolutionConfigurationPlatforms) = preSolution
		Debug|Any CPU = Debug|Any CPU
		Release|Any CPU = Release|Any CPU
	EndGlobalSection
	GlobalSection(ProjectConfigurationPlatforms) = postSolution
		{95E5674B-EB4A-8D2B-D3F8-66AD8F8A1585}.Debug|Any CPU.ActiveCfg = Debug|Any CPU
		{95E5674B-EB4A-8D2B-D3F8-66AD8F8A1585}.Debug|Any CPU.Build.0 = Debug|Any CPU
		{95E5674B-EB4A-8D2B-D3F8-66AD8F8A1585}.Release|Any CPU.ActiveCfg = Release|Any CPU
		{95E5674B-EB4A-8D2B-D3F8-66AD8F8A1585}.Release|Any CPU.Build.0 = Release|Any CPU
		{079130B8-92E4-4AC0-9B9F-567B73586D37}.Debug|Any CPU.ActiveCfg = Debug|Any CPU
		{079130B8-92E4-4AC0-9B9F-567B73586D37}.Debug|Any CPU.Build.0 = Debug|Any CPU
		{079130B8-92E4-4AC0-9B9F-567B73586D37}.Release|Any CPU.ActiveCfg = Release|Any CPU
		{079130B8-92E4-4AC0-9B9F-567B73586D37}.Release|Any CPU.Build.0 = Release|Any CPU
		{CDE4E8E3-C23B-4E98-96E8-CCAA4BEC30D9}.Debug|Any CPU.ActiveCfg = Debug|Any CPU
		{CDE4E8E3-C23B-4E98-96E8-CCAA4BEC30D9}.Debug|Any CPU.Build.0 = Debug|Any CPU
		{CDE4E8E3-C23B-4E98-96E8-CCAA4BEC30D9}.Release|Any CPU.ActiveCfg = Release|Any CPU
		{CDE4E8E3-C23B-4E98-96E8-CCAA4BEC30D9}.Release|Any CPU.Build.0 = Release|Any CPU
	EndGlobalSection
	GlobalSection(SolutionProperties) = preSolution
		HideSolutionNode = FALSE
	EndGlobalSection
	GlobalSection(ExtensibilityGlobals) = postSolution
		SolutionGuid = {F961090B-F4B7-4346-B3AC-370DBCAC8168}
	EndGlobalSection
EndGlobal
